
Microsoft Visual Studio Solution File, Format Version 12.00
# Visual Studio Version 17
VisualStudioVersion = 17.10.34916.146
MinimumVisualStudioVersion = 10.0.40219.1
Project("{FAE04EC0-301F-11D3-BF4B-00C04F79EFBC}") = "PhoneBook", "PhoneBook\PhoneBook.csproj", "{EB75C16D-3D19-4442-92C2-8E7FC7ED3AF2}"
EndProject
Global
	GlobalSection(SolutionConfigurationPlatforms) = preSolution
		Debug|Any CPU = Debug|Any CPU
		Release|Any CPU = Release|Any CPU
	EndGlobalSection
	GlobalSection(ProjectConfigurationPlatforms) = postSolution
		{EB75C16D-3D19-4442-92C2-8E7FC7ED3AF2}.Debug|Any CPU.ActiveCfg = Debug|Any CPU
		{EB75C16D-3D19-4442-92C2-8E7FC7ED3AF2}.Debug|Any CPU.Build.0 = Debug|Any CPU
		{EB75C16D-3D19-4442-92C2-8E7FC7ED3AF2}.Release|Any CPU.ActiveCfg = Release|Any CPU
		{EB75C16D-3D19-4442-92C2-8E7FC7ED3AF2}.Release|Any CPU.Build.0 = Release|Any CPU
	EndGlobalSection
	GlobalSection(SolutionProperties) = preSolution
		HideSolutionNode = FALSE
	EndGlobalSection
	GlobalSection(ExtensibilityGlobals) = postSolution
		SolutionGuid = {85828C6D-5693-495C-B90D-29190EC80C86}
	EndGlobalSection
EndGlobal
